// !$*UTF8*$!
{
	archiveVersion = 1;
	classes = {
	};
	objectVersion = 51;
	objects = {

/* Begin PBXBuildFile section */
		9A072759274C8D0700F584D2 /* Loader.swift in Sources */ = {isa = PBXBuildFile; fileRef = 9A072758274C8D0700F584D2 /* Loader.swift */; };
		9A0AD5C2273BB5E7009CC4FA /* ProfileView.swift in Sources */ = {isa = PBXBuildFile; fileRef = 9A0AD5C1273BB5E7009CC4FA /* ProfileView.swift */; };
		9A28E711274B94A000B0746B /* airplaneTime.json in Resources */ = {isa = PBXBuildFile; fileRef = 9A28E710274B94A000B0746B /* airplaneTime.json */; };
		9A28E715274BA43800B0746B /* AirplaneModel.swift in Sources */ = {isa = PBXBuildFile; fileRef = 9A28E714274BA43800B0746B /* AirplaneModel.swift */; };
		9A28E719274BB24000B0746B /* CodableBundleExtension.swift in Sources */ = {isa = PBXBuildFile; fileRef = 9A28E718274BB24000B0746B /* CodableBundleExtension.swift */; };
		9A295F7C2740003200A2ECED /* ShowTabBar.swift in Sources */ = {isa = PBXBuildFile; fileRef = 9A295F7B2740003200A2ECED /* ShowTabBar.swift */; };
		9A311A9727395CBA004B789D /* SessionStore.swift in Sources */ = {isa = PBXBuildFile; fileRef = 9A311A9627395CBA004B789D /* SessionStore.swift */; };
		9A311A9F273966F7004B789D /* HomeView.swift in Sources */ = {isa = PBXBuildFile; fileRef = 9A311A9E273966F7004B789D /* HomeView.swift */; };
		9A3FEC752741F772008A63F1 /* HomeViewModel.swift in Sources */ = {isa = PBXBuildFile; fileRef = 9A3FEC742741F772008A63F1 /* HomeViewModel.swift */; };
		9A3FEC7C2742138C008A63F1 /* TravelButtonViewModel.swift in Sources */ = {isa = PBXBuildFile; fileRef = 9A3FEC7B2742138C008A63F1 /* TravelButtonViewModel.swift */; };
		9A3FEC842742677B008A63F1 /* MoreView.swift in Sources */ = {isa = PBXBuildFile; fileRef = 9A3FEC832742677B008A63F1 /* MoreView.swift */; };
		9A3FEC872742939E008A63F1 /* LocationViewModel.swift in Sources */ = {isa = PBXBuildFile; fileRef = 9A3FEC862742939E008A63F1 /* LocationViewModel.swift */; };
		9A4553DA2735226B003422B7 /* ImagePicker.swift in Sources */ = {isa = PBXBuildFile; fileRef = 9A4553D92735226B003422B7 /* ImagePicker.swift */; };
		9A4553DE27354571003422B7 /* GoogleService-Info.plist in Resources */ = {isa = PBXBuildFile; fileRef = 9A4553DD27354571003422B7 /* GoogleService-Info.plist */; };
		9A4553FB27356BD7003422B7 /* UserModel.swift in Sources */ = {isa = PBXBuildFile; fileRef = 9A4553FA27356BD7003422B7 /* UserModel.swift */; };
		9A4A7CAF273AB3A500635ABC /* TravelButtonView.swift in Sources */ = {isa = PBXBuildFile; fileRef = 9A4A7CAE273AB3A500635ABC /* TravelButtonView.swift */; };
		9A4A7CB2273AB42400635ABC /* DetailTravelPageView.swift in Sources */ = {isa = PBXBuildFile; fileRef = 9A4A7CB1273AB42400635ABC /* DetailTravelPageView.swift */; };
		9A4E09632733E4E9002BB0B7 /* MyTravelApp.swift in Sources */ = {isa = PBXBuildFile; fileRef = 9A4E09622733E4E9002BB0B7 /* MyTravelApp.swift */; };
		9A4E09652733E4E9002BB0B7 /* ContentView.swift in Sources */ = {isa = PBXBuildFile; fileRef = 9A4E09642733E4E9002BB0B7 /* ContentView.swift */; };
		9A4E09672733E4ED002BB0B7 /* Assets.xcassets in Resources */ = {isa = PBXBuildFile; fileRef = 9A4E09662733E4ED002BB0B7 /* Assets.xcassets */; };
		9A4E096A2733E4ED002BB0B7 /* Preview Assets.xcassets in Resources */ = {isa = PBXBuildFile; fileRef = 9A4E09692733E4ED002BB0B7 /* Preview Assets.xcassets */; };
		9A4E09742733E69E002BB0B7 /* FormField.swift in Sources */ = {isa = PBXBuildFile; fileRef = 9A4E09732733E69E002BB0B7 /* FormField.swift */; };
		9A4E097927341994002BB0B7 /* LoginView.swift in Sources */ = {isa = PBXBuildFile; fileRef = 9A4E097827341994002BB0B7 /* LoginView.swift */; };
		9A57C97F274BD73E000ABEFA /* TempView.swift in Sources */ = {isa = PBXBuildFile; fileRef = 9A57C97E274BD73E000ABEFA /* TempView.swift */; };
		9A65257A2743966200EA959B /* MyWishlistViewModel.swift in Sources */ = {isa = PBXBuildFile; fileRef = 9A6525792743966200EA959B /* MyWishlistViewModel.swift */; };
		9A6525802743BE4900EA959B /* TravelItemModel.swift in Sources */ = {isa = PBXBuildFile; fileRef = 9A65257F2743BE4900EA959B /* TravelItemModel.swift */; };
		9A6525842743C08D00EA959B /* TravelScrollView.swift in Sources */ = {isa = PBXBuildFile; fileRef = 9A6525832743C08D00EA959B /* TravelScrollView.swift */; };
		9A666B31273DFFA600AB1047 /* MyCalendarView.swift in Sources */ = {isa = PBXBuildFile; fileRef = 9A666B30273DFFA600AB1047 /* MyCalendarView.swift */; };
		9A666B34273E002600AB1047 /* MyWishlistView.swift in Sources */ = {isa = PBXBuildFile; fileRef = 9A666B33273E002600AB1047 /* MyWishlistView.swift */; };
		9A666B37273E465600AB1047 /* MainTabView.swift in Sources */ = {isa = PBXBuildFile; fileRef = 9A666B36273E465600AB1047 /* MainTabView.swift */; };
		9A7B655D274CB2CC002AE26E /* WishlistModel.swift in Sources */ = {isa = PBXBuildFile; fileRef = 9A7B655C274CB2CC002AE26E /* WishlistModel.swift */; };
		9A93C1342736763300882FB1 /* Extensions.swift in Sources */ = {isa = PBXBuildFile; fileRef = 9A93C1332736763300882FB1 /* Extensions.swift */; };
		9A93C138273694CF00882FB1 /* AuthService.swift in Sources */ = {isa = PBXBuildFile; fileRef = 9A93C137273694CF00882FB1 /* AuthService.swift */; };
		9A93C13B2736963E00882FB1 /* StorageService.swift in Sources */ = {isa = PBXBuildFile; fileRef = 9A93C13A2736963E00882FB1 /* StorageService.swift */; };
		9A9DBBA5274B8002006FCEF3 /* AirplaneView.swift in Sources */ = {isa = PBXBuildFile; fileRef = 9A9DBBA4274B8002006FCEF3 /* AirplaneView.swift */; };
		9AA02A542734CF7700DE7C39 /* ButtonModifier.swift in Sources */ = {isa = PBXBuildFile; fileRef = 9AA02A532734CF7700DE7C39 /* ButtonModifier.swift */; };
		9AA02A572734DB7600DE7C39 /* RegisterView.swift in Sources */ = {isa = PBXBuildFile; fileRef = 9AA02A562734DB7600DE7C39 /* RegisterView.swift */; };
		9AE20CC3273AAA9A0043B760 /* ProfileHeaderViewModel.swift in Sources */ = {isa = PBXBuildFile; fileRef = 9AE20CC2273AAA9A0043B760 /* ProfileHeaderViewModel.swift */; };
		9AE7AF94273D61D0009DA31F /* ProfileSettingViewModel.swift in Sources */ = {isa = PBXBuildFile; fileRef = 9AE7AF93273D61D0009DA31F /* ProfileSettingViewModel.swift */; };
		9AFC631B2744FD8F00DA003F /* PackageView.swift in Sources */ = {isa = PBXBuildFile; fileRef = 9AFC631A2744FD8F00DA003F /* PackageView.swift */; };
		CAEF95D874230520A4D67FA3 /* Pods_MyTravel.framework in Frameworks */ = {isa = PBXBuildFile; fileRef = 3B4169D6F3E82FA9FBE40192 /* Pods_MyTravel.framework */; };
/* End PBXBuildFile section */

/* Begin PBXFileReference section */
		179E4FC8CAB3F32C146357AB /* Pods-MyTravel.debug.xcconfig */ = {isa = PBXFileReference; includeInIndex = 1; lastKnownFileType = text.xcconfig; name = "Pods-MyTravel.debug.xcconfig"; path = "Target Support Files/Pods-MyTravel/Pods-MyTravel.debug.xcconfig"; sourceTree = "<group>"; };
		3B4169D6F3E82FA9FBE40192 /* Pods_MyTravel.framework */ = {isa = PBXFileReference; explicitFileType = wrapper.framework; includeInIndex = 0; path = Pods_MyTravel.framework; sourceTree = BUILT_PRODUCTS_DIR; };
		4AEEDE8AEF9EB68463E410D0 /* Pods-MyTravel.release.xcconfig */ = {isa = PBXFileReference; includeInIndex = 1; lastKnownFileType = text.xcconfig; name = "Pods-MyTravel.release.xcconfig"; path = "Target Support Files/Pods-MyTravel/Pods-MyTravel.release.xcconfig"; sourceTree = "<group>"; };
		9A072758274C8D0700F584D2 /* Loader.swift */ = {isa = PBXFileReference; lastKnownFileType = sourcecode.swift; path = Loader.swift; sourceTree = "<group>"; };
		9A0AD5C1273BB5E7009CC4FA /* ProfileView.swift */ = {isa = PBXFileReference; lastKnownFileType = sourcecode.swift; path = ProfileView.swift; sourceTree = "<group>"; };
		9A28E710274B94A000B0746B /* airplaneTime.json */ = {isa = PBXFileReference; lastKnownFileType = text.json; path = airplaneTime.json; sourceTree = "<group>"; };
		9A28E714274BA43800B0746B /* AirplaneModel.swift */ = {isa = PBXFileReference; lastKnownFileType = sourcecode.swift; path = AirplaneModel.swift; sourceTree = "<group>"; };
		9A28E718274BB24000B0746B /* CodableBundleExtension.swift */ = {isa = PBXFileReference; lastKnownFileType = sourcecode.swift; path = CodableBundleExtension.swift; sourceTree = "<group>"; };
		9A295F7B2740003200A2ECED /* ShowTabBar.swift */ = {isa = PBXFileReference; lastKnownFileType = sourcecode.swift; path = ShowTabBar.swift; sourceTree = "<group>"; };
		9A311A9627395CBA004B789D /* SessionStore.swift */ = {isa = PBXFileReference; lastKnownFileType = sourcecode.swift; path = SessionStore.swift; sourceTree = "<group>"; };
		9A311A9E273966F7004B789D /* HomeView.swift */ = {isa = PBXFileReference; lastKnownFileType = sourcecode.swift; path = HomeView.swift; sourceTree = "<group>"; };
		9A3FEC742741F772008A63F1 /* HomeViewModel.swift */ = {isa = PBXFileReference; lastKnownFileType = sourcecode.swift; path = HomeViewModel.swift; sourceTree = "<group>"; };
		9A3FEC7B2742138C008A63F1 /* TravelButtonViewModel.swift */ = {isa = PBXFileReference; lastKnownFileType = sourcecode.swift; path = TravelButtonViewModel.swift; sourceTree = "<group>"; };
		9A3FEC832742677B008A63F1 /* MoreView.swift */ = {isa = PBXFileReference; lastKnownFileType = sourcecode.swift; path = MoreView.swift; sourceTree = "<group>"; };
		9A3FEC862742939E008A63F1 /* LocationViewModel.swift */ = {isa = PBXFileReference; lastKnownFileType = sourcecode.swift; path = LocationViewModel.swift; sourceTree = "<group>"; };
		9A4553D92735226B003422B7 /* ImagePicker.swift */ = {isa = PBXFileReference; lastKnownFileType = sourcecode.swift; path = ImagePicker.swift; sourceTree = "<group>"; };
		9A4553DD27354571003422B7 /* GoogleService-Info.plist */ = {isa = PBXFileReference; fileEncoding = 4; lastKnownFileType = text.plist.xml; path = "GoogleService-Info.plist"; sourceTree = "<group>"; };
		9A4553FA27356BD7003422B7 /* UserModel.swift */ = {isa = PBXFileReference; lastKnownFileType = sourcecode.swift; path = UserModel.swift; sourceTree = "<group>"; };
		9A4A7CAE273AB3A500635ABC /* TravelButtonView.swift */ = {isa = PBXFileReference; lastKnownFileType = sourcecode.swift; path = TravelButtonView.swift; sourceTree = "<group>"; };
		9A4A7CB1273AB42400635ABC /* DetailTravelPageView.swift */ = {isa = PBXFileReference; lastKnownFileType = sourcecode.swift; path = DetailTravelPageView.swift; sourceTree = "<group>"; };
		9A4E095F2733E4E9002BB0B7 /* MyTravel.app */ = {isa = PBXFileReference; explicitFileType = wrapper.application; includeInIndex = 0; path = MyTravel.app; sourceTree = BUILT_PRODUCTS_DIR; };
		9A4E09622733E4E9002BB0B7 /* MyTravelApp.swift */ = {isa = PBXFileReference; lastKnownFileType = sourcecode.swift; path = MyTravelApp.swift; sourceTree = "<group>"; };
		9A4E09642733E4E9002BB0B7 /* ContentView.swift */ = {isa = PBXFileReference; lastKnownFileType = sourcecode.swift; path = ContentView.swift; sourceTree = "<group>"; };
		9A4E09662733E4ED002BB0B7 /* Assets.xcassets */ = {isa = PBXFileReference; lastKnownFileType = folder.assetcatalog; path = Assets.xcassets; sourceTree = "<group>"; };
		9A4E09692733E4ED002BB0B7 /* Preview Assets.xcassets */ = {isa = PBXFileReference; lastKnownFileType = folder.assetcatalog; path = "Preview Assets.xcassets"; sourceTree = "<group>"; };
		9A4E096B2733E4ED002BB0B7 /* Info.plist */ = {isa = PBXFileReference; lastKnownFileType = text.plist.xml; path = Info.plist; sourceTree = "<group>"; };
		9A4E09732733E69E002BB0B7 /* FormField.swift */ = {isa = PBXFileReference; lastKnownFileType = sourcecode.swift; path = FormField.swift; sourceTree = "<group>"; };
		9A4E097827341994002BB0B7 /* LoginView.swift */ = {isa = PBXFileReference; lastKnownFileType = sourcecode.swift; path = LoginView.swift; sourceTree = "<group>"; };
		9A57C97E274BD73E000ABEFA /* TempView.swift */ = {isa = PBXFileReference; lastKnownFileType = sourcecode.swift; path = TempView.swift; sourceTree = "<group>"; };
		9A6525792743966200EA959B /* MyWishlistViewModel.swift */ = {isa = PBXFileReference; lastKnownFileType = sourcecode.swift; path = MyWishlistViewModel.swift; sourceTree = "<group>"; };
		9A65257F2743BE4900EA959B /* TravelItemModel.swift */ = {isa = PBXFileReference; lastKnownFileType = sourcecode.swift; path = TravelItemModel.swift; sourceTree = "<group>"; };
		9A6525832743C08D00EA959B /* TravelScrollView.swift */ = {isa = PBXFileReference; lastKnownFileType = sourcecode.swift; path = TravelScrollView.swift; sourceTree = "<group>"; };
		9A666B30273DFFA600AB1047 /* MyCalendarView.swift */ = {isa = PBXFileReference; lastKnownFileType = sourcecode.swift; path = MyCalendarView.swift; sourceTree = "<group>"; };
		9A666B33273E002600AB1047 /* MyWishlistView.swift */ = {isa = PBXFileReference; lastKnownFileType = sourcecode.swift; path = MyWishlistView.swift; sourceTree = "<group>"; };
		9A666B36273E465600AB1047 /* MainTabView.swift */ = {isa = PBXFileReference; lastKnownFileType = sourcecode.swift; path = MainTabView.swift; sourceTree = "<group>"; };
		9A7B655C274CB2CC002AE26E /* WishlistModel.swift */ = {isa = PBXFileReference; lastKnownFileType = sourcecode.swift; path = WishlistModel.swift; sourceTree = "<group>"; };
		9A93C1332736763300882FB1 /* Extensions.swift */ = {isa = PBXFileReference; lastKnownFileType = sourcecode.swift; path = Extensions.swift; sourceTree = "<group>"; };
		9A93C137273694CF00882FB1 /* AuthService.swift */ = {isa = PBXFileReference; lastKnownFileType = sourcecode.swift; path = AuthService.swift; sourceTree = "<group>"; };
		9A93C13A2736963E00882FB1 /* StorageService.swift */ = {isa = PBXFileReference; lastKnownFileType = sourcecode.swift; path = StorageService.swift; sourceTree = "<group>"; };
		9A9DBBA4274B8002006FCEF3 /* AirplaneView.swift */ = {isa = PBXFileReference; lastKnownFileType = sourcecode.swift; path = AirplaneView.swift; sourceTree = "<group>"; };
		9AA02A532734CF7700DE7C39 /* ButtonModifier.swift */ = {isa = PBXFileReference; lastKnownFileType = sourcecode.swift; path = ButtonModifier.swift; sourceTree = "<group>"; };
		9AA02A562734DB7600DE7C39 /* RegisterView.swift */ = {isa = PBXFileReference; lastKnownFileType = sourcecode.swift; path = RegisterView.swift; sourceTree = "<group>"; };
		9AE20CC2273AAA9A0043B760 /* ProfileHeaderViewModel.swift */ = {isa = PBXFileReference; lastKnownFileType = sourcecode.swift; path = ProfileHeaderViewModel.swift; sourceTree = "<group>"; };
		9AE7AF93273D61D0009DA31F /* ProfileSettingViewModel.swift */ = {isa = PBXFileReference; lastKnownFileType = sourcecode.swift; path = ProfileSettingViewModel.swift; sourceTree = "<group>"; };
		9AFC631A2744FD8F00DA003F /* PackageView.swift */ = {isa = PBXFileReference; lastKnownFileType = sourcecode.swift; path = PackageView.swift; sourceTree = "<group>"; };
/* End PBXFileReference section */

/* Begin PBXFrameworksBuildPhase section */
		9A4E095C2733E4E9002BB0B7 /* Frameworks */ = {
			isa = PBXFrameworksBuildPhase;
			buildActionMask = 2147483647;
			files = (
				CAEF95D874230520A4D67FA3 /* Pods_MyTravel.framework in Frameworks */,
			);
			runOnlyForDeploymentPostprocessing = 0;
		};
/* End PBXFrameworksBuildPhase section */

/* Begin PBXGroup section */
		9A28E70F274B943D00B0746B /* JSONdata */ = {
			isa = PBXGroup;
			children = (
				9A28E710274B94A000B0746B /* airplaneTime.json */,
			);
			path = JSONdata;
			sourceTree = "<group>";
		};
		9A4553D82735223C003422B7 /* Utils */ = {
			isa = PBXGroup;
			children = (
				9A4E09732733E69E002BB0B7 /* FormField.swift */,
				9AA02A532734CF7700DE7C39 /* ButtonModifier.swift */,
				9A4553D92735226B003422B7 /* ImagePicker.swift */,
				9A93C1332736763300882FB1 /* Extensions.swift */,
				9A295F7B2740003200A2ECED /* ShowTabBar.swift */,
				9A28E718274BB24000B0746B /* CodableBundleExtension.swift */,
				9A072758274C8D0700F584D2 /* Loader.swift */,
			);
			path = Utils;
			sourceTree = "<group>";
		};
		9A4553F927356BA9003422B7 /* Model */ = {
			isa = PBXGroup;
			children = (
				9A4553FA27356BD7003422B7 /* UserModel.swift */,
				9A65257F2743BE4900EA959B /* TravelItemModel.swift */,
				9A28E714274BA43800B0746B /* AirplaneModel.swift */,
				9A7B655C274CB2CC002AE26E /* WishlistModel.swift */,
			);
			path = Model;
			sourceTree = "<group>";
		};
		9A4E09562733E4E9002BB0B7 = {
			isa = PBXGroup;
			children = (
				9A4E09612733E4E9002BB0B7 /* MyTravel */,
				9A4E09602733E4E9002BB0B7 /* Products */,
				D511853DC28739308DCF6E9C /* Pods */,
				E7DAD30439F4D6C3172270B5 /* Frameworks */,
			);
			sourceTree = "<group>";
		};
		9A4E09602733E4E9002BB0B7 /* Products */ = {
			isa = PBXGroup;
			children = (
				9A4E095F2733E4E9002BB0B7 /* MyTravel.app */,
			);
			name = Products;
			sourceTree = "<group>";
		};
		9A4E09612733E4E9002BB0B7 /* MyTravel */ = {
			isa = PBXGroup;
			children = (
				9A28E70F274B943D00B0746B /* JSONdata */,
				9A93C136273694BC00882FB1 /* API */,
				9A4553F927356BA9003422B7 /* Model */,
				9A4553D82735223C003422B7 /* Utils */,
				9A4E097727341972002BB0B7 /* View */,
				9A4E09722733E65C002BB0B7 /* ViewModel */,
				9A4E09622733E4E9002BB0B7 /* MyTravelApp.swift */,
				9A4E09642733E4E9002BB0B7 /* ContentView.swift */,
				9A4553DD27354571003422B7 /* GoogleService-Info.plist */,
				9A4E09662733E4ED002BB0B7 /* Assets.xcassets */,
				9A4E096B2733E4ED002BB0B7 /* Info.plist */,
				9A4E09682733E4ED002BB0B7 /* Preview Content */,
			);
			path = MyTravel;
			sourceTree = "<group>";
		};
		9A4E09682733E4ED002BB0B7 /* Preview Content */ = {
			isa = PBXGroup;
			children = (
				9A4E09692733E4ED002BB0B7 /* Preview Assets.xcassets */,
			);
			path = "Preview Content";
			sourceTree = "<group>";
		};
		9A4E09722733E65C002BB0B7 /* ViewModel */ = {
			isa = PBXGroup;
			children = (
				9A3FEC742741F772008A63F1 /* HomeViewModel.swift */,
				9AE20CC2273AAA9A0043B760 /* ProfileHeaderViewModel.swift */,
				9AE7AF93273D61D0009DA31F /* ProfileSettingViewModel.swift */,
				9A3FEC7B2742138C008A63F1 /* TravelButtonViewModel.swift */,
				9A3FEC862742939E008A63F1 /* LocationViewModel.swift */,
				9A6525792743966200EA959B /* MyWishlistViewModel.swift */,
			);
			path = ViewModel;
			sourceTree = "<group>";
		};
		9A4E097727341972002BB0B7 /* View */ = {
			isa = PBXGroup;
			children = (
				9A9DBBA3274B7FD2006FCEF3 /* ButtonTapView */,
				9A65257D2743BAB800EA959B /* TapView */,
				9A65257C2743BA9900EA959B /* Auth */,
				9A311A9E273966F7004B789D /* HomeView.swift */,
				9A0AD5C1273BB5E7009CC4FA /* ProfileView.swift */,
				9A4A7CAE273AB3A500635ABC /* TravelButtonView.swift */,
				9A6525832743C08D00EA959B /* TravelScrollView.swift */,
				9A4A7CB1273AB42400635ABC /* DetailTravelPageView.swift */,
				9AFC631A2744FD8F00DA003F /* PackageView.swift */,
				9A57C97E274BD73E000ABEFA /* TempView.swift */,
			);
			path = View;
			sourceTree = "<group>";
		};
		9A65257C2743BA9900EA959B /* Auth */ = {
			isa = PBXGroup;
			children = (
				9AA02A562734DB7600DE7C39 /* RegisterView.swift */,
				9A4E097827341994002BB0B7 /* LoginView.swift */,
			);
			path = Auth;
			sourceTree = "<group>";
		};
		9A65257D2743BAB800EA959B /* TapView */ = {
			isa = PBXGroup;
			children = (
				9A666B36273E465600AB1047 /* MainTabView.swift */,
				9A666B30273DFFA600AB1047 /* MyCalendarView.swift */,
				9A666B33273E002600AB1047 /* MyWishlistView.swift */,
			);
			path = TapView;
			sourceTree = "<group>";
		};
		9A93C136273694BC00882FB1 /* API */ = {
			isa = PBXGroup;
			children = (
				9A93C137273694CF00882FB1 /* AuthService.swift */,
				9A93C13A2736963E00882FB1 /* StorageService.swift */,
				9A311A9627395CBA004B789D /* SessionStore.swift */,
			);
			path = API;
			sourceTree = "<group>";
		};
		9A9DBBA3274B7FD2006FCEF3 /* ButtonTapView */ = {
			isa = PBXGroup;
			children = (
				9A9DBBA4274B8002006FCEF3 /* AirplaneView.swift */,
				9A3FEC832742677B008A63F1 /* MoreView.swift */,
			);
			path = ButtonTapView;
			sourceTree = "<group>";
		};
		D511853DC28739308DCF6E9C /* Pods */ = {
			isa = PBXGroup;
			children = (
				179E4FC8CAB3F32C146357AB /* Pods-MyTravel.debug.xcconfig */,
				4AEEDE8AEF9EB68463E410D0 /* Pods-MyTravel.release.xcconfig */,
			);
			path = Pods;
			sourceTree = "<group>";
		};
		E7DAD30439F4D6C3172270B5 /* Frameworks */ = {
			isa = PBXGroup;
			children = (
				3B4169D6F3E82FA9FBE40192 /* Pods_MyTravel.framework */,
			);
			name = Frameworks;
			sourceTree = "<group>";
		};
/* End PBXGroup section */

/* Begin PBXNativeTarget section */
		9A4E095E2733E4E9002BB0B7 /* MyTravel */ = {
			isa = PBXNativeTarget;
			buildConfigurationList = 9A4E096E2733E4ED002BB0B7 /* Build configuration list for PBXNativeTarget "MyTravel" */;
			buildPhases = (
				0611A5ACC79021B998B0FCE2 /* [CP] Check Pods Manifest.lock */,
				9A4E095B2733E4E9002BB0B7 /* Sources */,
				9A4E095C2733E4E9002BB0B7 /* Frameworks */,
				9A4E095D2733E4E9002BB0B7 /* Resources */,
				C59CF82D3D8C2E2E24AE493C /* [CP] Embed Pods Frameworks */,
			);
			buildRules = (
			);
			dependencies = (
			);
			name = MyTravel;
			productName = MyTravel;
			productReference = 9A4E095F2733E4E9002BB0B7 /* MyTravel.app */;
			productType = "com.apple.product-type.application";
		};
/* End PBXNativeTarget section */

/* Begin PBXProject section */
		9A4E09572733E4E9002BB0B7 /* Project object */ = {
			isa = PBXProject;
			attributes = {
				LastSwiftUpdateCheck = 1220;
				LastUpgradeCheck = 1220;
				TargetAttributes = {
					9A4E095E2733E4E9002BB0B7 = {
						CreatedOnToolsVersion = 12.2;
					};
				};
			};
			buildConfigurationList = 9A4E095A2733E4E9002BB0B7 /* Build configuration list for PBXProject "MyTravel" */;
			compatibilityVersion = "Xcode 9.3";
			developmentRegion = en;
			hasScannedForEncodings = 0;
			knownRegions = (
				en,
				Base,
			);
			mainGroup = 9A4E09562733E4E9002BB0B7;
			productRefGroup = 9A4E09602733E4E9002BB0B7 /* Products */;
			projectDirPath = "";
			projectRoot = "";
			targets = (
				9A4E095E2733E4E9002BB0B7 /* MyTravel */,
			);
		};
/* End PBXProject section */

/* Begin PBXResourcesBuildPhase section */
		9A4E095D2733E4E9002BB0B7 /* Resources */ = {
			isa = PBXResourcesBuildPhase;
			buildActionMask = 2147483647;
			files = (
				9A28E711274B94A000B0746B /* airplaneTime.json in Resources */,
				9A4E096A2733E4ED002BB0B7 /* Preview Assets.xcassets in Resources */,
				9A4E09672733E4ED002BB0B7 /* Assets.xcassets in Resources */,
				9A4553DE27354571003422B7 /* GoogleService-Info.plist in Resources */,
			);
			runOnlyForDeploymentPostprocessing = 0;
		};
/* End PBXResourcesBuildPhase section */

/* Begin PBXShellScriptBuildPhase section */
		0611A5ACC79021B998B0FCE2 /* [CP] Check Pods Manifest.lock */ = {
			isa = PBXShellScriptBuildPhase;
			buildActionMask = 2147483647;
			files = (
			);
			inputFileListPaths = (
			);
			inputPaths = (
				"${PODS_PODFILE_DIR_PATH}/Podfile.lock",
				"${PODS_ROOT}/Manifest.lock",
			);
			name = "[CP] Check Pods Manifest.lock";
			outputFileListPaths = (
			);
			outputPaths = (
				"$(DERIVED_FILE_DIR)/Pods-MyTravel-checkManifestLockResult.txt",
			);
			runOnlyForDeploymentPostprocessing = 0;
			shellPath = /bin/sh;
			shellScript = "diff \"${PODS_PODFILE_DIR_PATH}/Podfile.lock\" \"${PODS_ROOT}/Manifest.lock\" > /dev/null\nif [ $? != 0 ] ; then\n    # print error to STDERR\n    echo \"error: The sandbox is not in sync with the Podfile.lock. Run 'pod install' or update your CocoaPods installation.\" >&2\n    exit 1\nfi\n# This output is used by Xcode 'outputs' to avoid re-running this script phase.\necho \"SUCCESS\" > \"${SCRIPT_OUTPUT_FILE_0}\"\n";
			showEnvVarsInLog = 0;
		};
		C59CF82D3D8C2E2E24AE493C /* [CP] Embed Pods Frameworks */ = {
			isa = PBXShellScriptBuildPhase;
			buildActionMask = 2147483647;
			files = (
			);
			inputFileListPaths = (
				"${PODS_ROOT}/Target Support Files/Pods-MyTravel/Pods-MyTravel-frameworks-${CONFIGURATION}-input-files.xcfilelist",
			);
			name = "[CP] Embed Pods Frameworks";
			outputFileListPaths = (
				"${PODS_ROOT}/Target Support Files/Pods-MyTravel/Pods-MyTravel-frameworks-${CONFIGURATION}-output-files.xcfilelist",
			);
			runOnlyForDeploymentPostprocessing = 0;
			shellPath = /bin/sh;
			shellScript = "\"${PODS_ROOT}/Target Support Files/Pods-MyTravel/Pods-MyTravel-frameworks.sh\"\n";
			showEnvVarsInLog = 0;
		};
/* End PBXShellScriptBuildPhase section */

/* Begin PBXSourcesBuildPhase section */
		9A4E095B2733E4E9002BB0B7 /* Sources */ = {
			isa = PBXSourcesBuildPhase;
			buildActionMask = 2147483647;
			files = (
				9A4A7CB2273AB42400635ABC /* DetailTravelPageView.swift in Sources */,
				9A4E09742733E69E002BB0B7 /* FormField.swift in Sources */,
				9A93C1342736763300882FB1 /* Extensions.swift in Sources */,
				9A311A9F273966F7004B789D /* HomeView.swift in Sources */,
				9A311A9727395CBA004B789D /* SessionStore.swift in Sources */,
				9A3FEC752741F772008A63F1 /* HomeViewModel.swift in Sources */,
				9A7B655D274CB2CC002AE26E /* WishlistModel.swift in Sources */,
				9A4E09652733E4E9002BB0B7 /* ContentView.swift in Sources */,
				9A4553FB27356BD7003422B7 /* UserModel.swift in Sources */,
				9A666B34273E002600AB1047 /* MyWishlistView.swift in Sources */,
				9AFC631B2744FD8F00DA003F /* PackageView.swift in Sources */,
				9A3FEC872742939E008A63F1 /* LocationViewModel.swift in Sources */,
				9A3FEC842742677B008A63F1 /* MoreView.swift in Sources */,
				9A57C97F274BD73E000ABEFA /* TempView.swift in Sources */,
				9A6525802743BE4900EA959B /* TravelItemModel.swift in Sources */,
				9A4E097927341994002BB0B7 /* LoginView.swift in Sources */,
				9A4553DA2735226B003422B7 /* ImagePicker.swift in Sources */,
				9AA02A572734DB7600DE7C39 /* RegisterView.swift in Sources */,
				9A666B37273E465600AB1047 /* MainTabView.swift in Sources */,
				9A9DBBA5274B8002006FCEF3 /* AirplaneView.swift in Sources */,
				9A072759274C8D0700F584D2 /* Loader.swift in Sources */,
				9A0AD5C2273BB5E7009CC4FA /* ProfileView.swift in Sources */,
				9AE20CC3273AAA9A0043B760 /* ProfileHeaderViewModel.swift in Sources */,
				9AE7AF94273D61D0009DA31F /* ProfileSettingViewModel.swift in Sources */,
				9A28E715274BA43800B0746B /* AirplaneModel.swift in Sources */,
				9A93C138273694CF00882FB1 /* AuthService.swift in Sources */,
				9A28E719274BB24000B0746B /* CodableBundleExtension.swift in Sources */,
				9A666B31273DFFA600AB1047 /* MyCalendarView.swift in Sources */,
				9A4A7CAF273AB3A500635ABC /* TravelButtonView.swift in Sources */,
				9A4E09632733E4E9002BB0B7 /* MyTravelApp.swift in Sources */,
				9A3FEC7C2742138C008A63F1 /* TravelButtonViewModel.swift in Sources */,
				9A6525842743C08D00EA959B /* TravelScrollView.swift in Sources */,
				9A93C13B2736963E00882FB1 /* StorageService.swift in Sources */,
				9A65257A2743966200EA959B /* MyWishlistViewModel.swift in Sources */,
				9A295F7C2740003200A2ECED /* ShowTabBar.swift in Sources */,
				9AA02A542734CF7700DE7C39 /* ButtonModifier.swift in Sources */,
			);
			runOnlyForDeploymentPostprocessing = 0;
		};
/* End PBXSourcesBuildPhase section */

/* Begin XCBuildConfiguration section */
		9A4E096C2733E4ED002BB0B7 /* Debug */ = {
			isa = XCBuildConfiguration;
			buildSettings = {
				ALWAYS_SEARCH_USER_PATHS = NO;
				CLANG_ANALYZER_NONNULL = YES;
				CLANG_ANALYZER_NUMBER_OBJECT_CONVERSION = YES_AGGRESSIVE;
				CLANG_CXX_LANGUAGE_STANDARD = "gnu++14";
				CLANG_CXX_LIBRARY = "libc++";
				CLANG_ENABLE_MODULES = YES;
				CLANG_ENABLE_OBJC_ARC = YES;
				CLANG_ENABLE_OBJC_WEAK = YES;
				CLANG_WARN_BLOCK_CAPTURE_AUTORELEASING = YES;
				CLANG_WARN_BOOL_CONVERSION = YES;
				CLANG_WARN_COMMA = YES;
				CLANG_WARN_CONSTANT_CONVERSION = YES;
				CLANG_WARN_DEPRECATED_OBJC_IMPLEMENTATIONS = YES;
				CLANG_WARN_DIRECT_OBJC_ISA_USAGE = YES_ERROR;
				CLANG_WARN_DOCUMENTATION_COMMENTS = YES;
				CLANG_WARN_EMPTY_BODY = YES;
				CLANG_WARN_ENUM_CONVERSION = YES;
				CLANG_WARN_INFINITE_RECURSION = YES;
				CLANG_WARN_INT_CONVERSION = YES;
				CLANG_WARN_NON_LITERAL_NULL_CONVERSION = YES;
				CLANG_WARN_OBJC_IMPLICIT_RETAIN_SELF = YES;
				CLANG_WARN_OBJC_LITERAL_CONVERSION = YES;
				CLANG_WARN_OBJC_ROOT_CLASS = YES_ERROR;
				CLANG_WARN_QUOTED_INCLUDE_IN_FRAMEWORK_HEADER = YES;
				CLANG_WARN_RANGE_LOOP_ANALYSIS = YES;
				CLANG_WARN_STRICT_PROTOTYPES = YES;
				CLANG_WARN_SUSPICIOUS_MOVE = YES;
				CLANG_WARN_UNGUARDED_AVAILABILITY = YES_AGGRESSIVE;
				CLANG_WARN_UNREACHABLE_CODE = YES;
				CLANG_WARN__DUPLICATE_METHOD_MATCH = YES;
				COPY_PHASE_STRIP = NO;
				DEBUG_INFORMATION_FORMAT = dwarf;
				ENABLE_STRICT_OBJC_MSGSEND = YES;
				ENABLE_TESTABILITY = YES;
				GCC_C_LANGUAGE_STANDARD = gnu11;
				GCC_DYNAMIC_NO_PIC = NO;
				GCC_NO_COMMON_BLOCKS = YES;
				GCC_OPTIMIZATION_LEVEL = 0;
				GCC_PREPROCESSOR_DEFINITIONS = (
					"DEBUG=1",
					"$(inherited)",
				);
				GCC_WARN_64_TO_32_BIT_CONVERSION = YES;
				GCC_WARN_ABOUT_RETURN_TYPE = YES_ERROR;
				GCC_WARN_UNDECLARED_SELECTOR = YES;
				GCC_WARN_UNINITIALIZED_AUTOS = YES_AGGRESSIVE;
				GCC_WARN_UNUSED_FUNCTION = YES;
				GCC_WARN_UNUSED_VARIABLE = YES;
				IPHONEOS_DEPLOYMENT_TARGET = 14.2;
				MTL_ENABLE_DEBUG_INFO = INCLUDE_SOURCE;
				MTL_FAST_MATH = YES;
				ONLY_ACTIVE_ARCH = YES;
				SDKROOT = iphoneos;
				SWIFT_ACTIVE_COMPILATION_CONDITIONS = DEBUG;
				SWIFT_OPTIMIZATION_LEVEL = "-Onone";
			};
			name = Debug;
		};
		9A4E096D2733E4ED002BB0B7 /* Release */ = {
			isa = XCBuildConfiguration;
			buildSettings = {
				ALWAYS_SEARCH_USER_PATHS = NO;
				CLANG_ANALYZER_NONNULL = YES;
				CLANG_ANALYZER_NUMBER_OBJECT_CONVERSION = YES_AGGRESSIVE;
				CLANG_CXX_LANGUAGE_STANDARD = "gnu++14";
				CLANG_CXX_LIBRARY = "libc++";
				CLANG_ENABLE_MODULES = YES;
				CLANG_ENABLE_OBJC_ARC = YES;
				CLANG_ENABLE_OBJC_WEAK = YES;
				CLANG_WARN_BLOCK_CAPTURE_AUTORELEASING = YES;
				CLANG_WARN_BOOL_CONVERSION = YES;
				CLANG_WARN_COMMA = YES;
				CLANG_WARN_CONSTANT_CONVERSION = YES;
				CLANG_WARN_DEPRECATED_OBJC_IMPLEMENTATIONS = YES;
				CLANG_WARN_DIRECT_OBJC_ISA_USAGE = YES_ERROR;
				CLANG_WARN_DOCUMENTATION_COMMENTS = YES;
				CLANG_WARN_EMPTY_BODY = YES;
				CLANG_WARN_ENUM_CONVERSION = YES;
				CLANG_WARN_INFINITE_RECURSION = YES;
				CLANG_WARN_INT_CONVERSION = YES;
				CLANG_WARN_NON_LITERAL_NULL_CONVERSION = YES;
				CLANG_WARN_OBJC_IMPLICIT_RETAIN_SELF = YES;
				CLANG_WARN_OBJC_LITERAL_CONVERSION = YES;
				CLANG_WARN_OBJC_ROOT_CLASS = YES_ERROR;
				CLANG_WARN_QUOTED_INCLUDE_IN_FRAMEWORK_HEADER = YES;
				CLANG_WARN_RANGE_LOOP_ANALYSIS = YES;
				CLANG_WARN_STRICT_PROTOTYPES = YES;
				CLANG_WARN_SUSPICIOUS_MOVE = YES;
				CLANG_WARN_UNGUARDED_AVAILABILITY = YES_AGGRESSIVE;
				CLANG_WARN_UNREACHABLE_CODE = YES;
				CLANG_WARN__DUPLICATE_METHOD_MATCH = YES;
				COPY_PHASE_STRIP = NO;
				DEBUG_INFORMATION_FORMAT = "dwarf-with-dsym";
				ENABLE_NS_ASSERTIONS = NO;
				ENABLE_STRICT_OBJC_MSGSEND = YES;
				GCC_C_LANGUAGE_STANDARD = gnu11;
				GCC_NO_COMMON_BLOCKS = YES;
				GCC_WARN_64_TO_32_BIT_CONVERSION = YES;
				GCC_WARN_ABOUT_RETURN_TYPE = YES_ERROR;
				GCC_WARN_UNDECLARED_SELECTOR = YES;
				GCC_WARN_UNINITIALIZED_AUTOS = YES_AGGRESSIVE;
				GCC_WARN_UNUSED_FUNCTION = YES;
				GCC_WARN_UNUSED_VARIABLE = YES;
				IPHONEOS_DEPLOYMENT_TARGET = 14.2;
				MTL_ENABLE_DEBUG_INFO = NO;
				MTL_FAST_MATH = YES;
				SDKROOT = iphoneos;
				SWIFT_COMPILATION_MODE = wholemodule;
				SWIFT_OPTIMIZATION_LEVEL = "-O";
				VALIDATE_PRODUCT = YES;
			};
			name = Release;
		};
		9A4E096F2733E4ED002BB0B7 /* Debug */ = {
			isa = XCBuildConfiguration;
			baseConfigurationReference = 179E4FC8CAB3F32C146357AB /* Pods-MyTravel.debug.xcconfig */;
			buildSettings = {
				ASSETCATALOG_COMPILER_APPICON_NAME = AppIcon;
				ASSETCATALOG_COMPILER_GLOBAL_ACCENT_COLOR_NAME = AccentColor;
				CODE_SIGN_STYLE = Automatic;
				DEVELOPMENT_ASSET_PATHS = "\"MyTravel/Preview Content\"";
				ENABLE_PREVIEWS = YES;
				INFOPLIST_FILE = MyTravel/Info.plist;
				IPHONEOS_DEPLOYMENT_TARGET = 14.0;
				LD_RUNPATH_SEARCH_PATHS = (
					"$(inherited)",
					"@executable_path/Frameworks",
				);
				PRODUCT_BUNDLE_IDENTIFIER = haju.project.MyTravel;
				PRODUCT_NAME = "$(TARGET_NAME)";
				SWIFT_VERSION = 5.0;
				TARGETED_DEVICE_FAMILY = "1,2";
			};
			name = Debug;
		};
		9A4E09702733E4ED002BB0B7 /* Release */ = {
			isa = XCBuildConfiguration;
			baseConfigurationReference = 4AEEDE8AEF9EB68463E410D0 /* Pods-MyTravel.release.xcconfig */;
			buildSettings = {
				ASSETCATALOG_COMPILER_APPICON_NAME = AppIcon;
				ASSETCATALOG_COMPILER_GLOBAL_ACCENT_COLOR_NAME = AccentColor;
				CODE_SIGN_STYLE = Automatic;
				DEVELOPMENT_ASSET_PATHS = "\"MyTravel/Preview Content\"";
				ENABLE_PREVIEWS = YES;
				INFOPLIST_FILE = MyTravel/Info.plist;
				IPHONEOS_DEPLOYMENT_TARGET = 14.0;
				LD_RUNPATH_SEARCH_PATHS = (
					"$(inherited)",
					"@executable_path/Frameworks",
				);
				PRODUCT_BUNDLE_IDENTIFIER = haju.project.MyTravel;
				PRODUCT_NAME = "$(TARGET_NAME)";
				SWIFT_VERSION = 5.0;
				TARGETED_DEVICE_FAMILY = "1,2";
			};
			name = Release;
		};
/* End XCBuildConfiguration section */

/* Begin XCConfigurationList section */
		9A4E095A2733E4E9002BB0B7 /* Build configuration list for PBXProject "MyTravel" */ = {
			isa = XCConfigurationList;
			buildConfigurations = (
				9A4E096C2733E4ED002BB0B7 /* Debug */,
				9A4E096D2733E4ED002BB0B7 /* Release */,
			);
			defaultConfigurationIsVisible = 0;
			defaultConfigurationName = Release;
		};
		9A4E096E2733E4ED002BB0B7 /* Build configuration list for PBXNativeTarget "MyTravel" */ = {
			isa = XCConfigurationList;
			buildConfigurations = (
				9A4E096F2733E4ED002BB0B7 /* Debug */,
				9A4E09702733E4ED002BB0B7 /* Release */,
			);
			defaultConfigurationIsVisible = 0;
			defaultConfigurationName = Release;
		};
/* End XCConfigurationList section */
	};
	rootObject = 9A4E09572733E4E9002BB0B7 /* Project object */;
}
